
Microsoft Visual Studio Solution File, Format Version 12.00
# Visual Studio Version 18
VisualStudioVersion = 18.0.11222.15
MinimumVisualStudioVersion = 10.0.40219.1
Project("{2150E333-8FDC-42A3-9474-1A3956D46DE8}") = "src", "src", "{02EA681E-C7D8-13C7-8484-4AC65E1B71E8}"
EndProject
Project("{2150E333-8FDC-42A3-9474-1A3956D46DE8}") = "Presentation", "Presentation", "{84C4503C-3670-4776-A6DE-077DA6B8B326}"
EndProject
Project("{2150E333-8FDC-42A3-9474-1A3956D46DE8}") = "Infrastructure", "Infrastructure", "{25589144-DE1A-4E87-87D5-6BA8F4C511BC}"
EndProject
Project("{2150E333-8FDC-42A3-9474-1A3956D46DE8}") = "Core", "Core", "{2F03FB13-8F40-4BEB-91C7-AC7FC03B4308}"
EndProject
Project("{2150E333-8FDC-42A3-9474-1A3956D46DE8}") = "Application", "Application", "{986129D5-72FB-4E12-94A9-F25CFEEEE533}"
EndProject
Project("{2150E333-8FDC-42A3-9474-1A3956D46DE8}") = "Domain", "Domain", "{D427518B-D06F-4F05-A113-6FE3E5F9C87A}"
EndProject
Project("{2150E333-8FDC-42A3-9474-1A3956D46DE8}") = "Infrastructure", "Infrastructure", "{433CE30B-AC04-4B49-8944-80B54415FA21}"
EndProject
Project("{2150E333-8FDC-42A3-9474-1A3956D46DE8}") = "Persistence", "Persistence", "{A005415A-17EE-4DF5-93D6-C679F2A69658}"
EndProject
Project("{2150E333-8FDC-42A3-9474-1A3956D46DE8}") = "WebApi", "WebApi", "{3A395831-4141-4CD8-AC6E-02EC48605E27}"
EndProject
Project("{FAE04EC0-301F-11D3-BF4B-00C04F79EFBC}") = "ResumeAI.Domain", "ResumeAI.Domain\ResumeAI.Domain.csproj", "{64EDA5F4-4D98-41D2-ADD4-3434B52140C0}"
EndProject
Project("{FAE04EC0-301F-11D3-BF4B-00C04F79EFBC}") = "ResumeAI.Application", "ResumeAI.Application\ResumeAI.Application.csproj", "{4EB74FEB-058D-458F-B3FE-D65B457FE3CC}"
EndProject
Project("{FAE04EC0-301F-11D3-BF4B-00C04F79EFBC}") = "ResumeAI.Persistence", "ResumeAI.Persistence\ResumeAI.Persistence.csproj", "{5714C142-B297-4B75-8316-38819374D241}"
EndProject
Project("{FAE04EC0-301F-11D3-BF4B-00C04F79EFBC}") = "ResumeAI.Infrastructure", "ResumeAI.Infrastructure\ResumeAI.Infrastructure.csproj", "{69A765F3-B0B8-40A9-9E89-18900121ACD0}"
EndProject
Project("{FAE04EC0-301F-11D3-BF4B-00C04F79EFBC}") = "ResumAI.API", "ResumAI.API\ResumAI.API.csproj", "{AC766E86-3784-4928-AACF-012777C99806}"
EndProject
Global
	GlobalSection(SolutionConfigurationPlatforms) = preSolution
		Debug|Any CPU = Debug|Any CPU
		Release|Any CPU = Release|Any CPU
	EndGlobalSection
	GlobalSection(ProjectConfigurationPlatforms) = postSolution
		{64EDA5F4-4D98-41D2-ADD4-3434B52140C0}.Debug|Any CPU.ActiveCfg = Debug|Any CPU
		{64EDA5F4-4D98-41D2-ADD4-3434B52140C0}.Debug|Any CPU.Build.0 = Debug|Any CPU
		{64EDA5F4-4D98-41D2-ADD4-3434B52140C0}.Release|Any CPU.ActiveCfg = Release|Any CPU
		{64EDA5F4-4D98-41D2-ADD4-3434B52140C0}.Release|Any CPU.Build.0 = Release|Any CPU
		{4EB74FEB-058D-458F-B3FE-D65B457FE3CC}.Debug|Any CPU.ActiveCfg = Debug|Any CPU
		{4EB74FEB-058D-458F-B3FE-D65B457FE3CC}.Debug|Any CPU.Build.0 = Debug|Any CPU
		{4EB74FEB-058D-458F-B3FE-D65B457FE3CC}.Release|Any CPU.ActiveCfg = Release|Any CPU
		{4EB74FEB-058D-458F-B3FE-D65B457FE3CC}.Release|Any CPU.Build.0 = Release|Any CPU
		{5714C142-B297-4B75-8316-38819374D241}.Debug|Any CPU.ActiveCfg = Debug|Any CPU
		{5714C142-B297-4B75-8316-38819374D241}.Debug|Any CPU.Build.0 = Debug|Any CPU
		{5714C142-B297-4B75-8316-38819374D241}.Release|Any CPU.ActiveCfg = Release|Any CPU
		{5714C142-B297-4B75-8316-38819374D241}.Release|Any CPU.Build.0 = Release|Any CPU
		{69A765F3-B0B8-40A9-9E89-18900121ACD0}.Debug|Any CPU.ActiveCfg = Debug|Any CPU
		{69A765F3-B0B8-40A9-9E89-18900121ACD0}.Debug|Any CPU.Build.0 = Debug|Any CPU
		{69A765F3-B0B8-40A9-9E89-18900121ACD0}.Release|Any CPU.ActiveCfg = Release|Any CPU
		{69A765F3-B0B8-40A9-9E89-18900121ACD0}.Release|Any CPU.Build.0 = Release|Any CPU
		{AC766E86-3784-4928-AACF-012777C99806}.Debug|Any CPU.ActiveCfg = Debug|Any CPU
		{AC766E86-3784-4928-AACF-012777C99806}.Debug|Any CPU.Build.0 = Debug|Any CPU
		{AC766E86-3784-4928-AACF-012777C99806}.Release|Any CPU.ActiveCfg = Release|Any CPU
		{AC766E86-3784-4928-AACF-012777C99806}.Release|Any CPU.Build.0 = Release|Any CPU
	EndGlobalSection
	GlobalSection(SolutionProperties) = preSolution
		HideSolutionNode = FALSE
	EndGlobalSection
	GlobalSection(NestedProjects) = preSolution
		{84C4503C-3670-4776-A6DE-077DA6B8B326} = {02EA681E-C7D8-13C7-8484-4AC65E1B71E8}
		{25589144-DE1A-4E87-87D5-6BA8F4C511BC} = {02EA681E-C7D8-13C7-8484-4AC65E1B71E8}
		{2F03FB13-8F40-4BEB-91C7-AC7FC03B4308} = {02EA681E-C7D8-13C7-8484-4AC65E1B71E8}
		{986129D5-72FB-4E12-94A9-F25CFEEEE533} = {2F03FB13-8F40-4BEB-91C7-AC7FC03B4308}
		{D427518B-D06F-4F05-A113-6FE3E5F9C87A} = {2F03FB13-8F40-4BEB-91C7-AC7FC03B4308}
		{433CE30B-AC04-4B49-8944-80B54415FA21} = {25589144-DE1A-4E87-87D5-6BA8F4C511BC}
		{A005415A-17EE-4DF5-93D6-C679F2A69658} = {25589144-DE1A-4E87-87D5-6BA8F4C511BC}
		{3A395831-4141-4CD8-AC6E-02EC48605E27} = {84C4503C-3670-4776-A6DE-077DA6B8B326}
		{64EDA5F4-4D98-41D2-ADD4-3434B52140C0} = {D427518B-D06F-4F05-A113-6FE3E5F9C87A}
		{4EB74FEB-058D-458F-B3FE-D65B457FE3CC} = {986129D5-72FB-4E12-94A9-F25CFEEEE533}
		{5714C142-B297-4B75-8316-38819374D241} = {A005415A-17EE-4DF5-93D6-C679F2A69658}
		{69A765F3-B0B8-40A9-9E89-18900121ACD0} = {433CE30B-AC04-4B49-8944-80B54415FA21}
		{AC766E86-3784-4928-AACF-012777C99806} = {3A395831-4141-4CD8-AC6E-02EC48605E27}
	EndGlobalSection
	GlobalSection(ExtensibilityGlobals) = postSolution
		SolutionGuid = {A804992D-605C-4474-B973-1C34DA3E4DD1}
	EndGlobalSection
EndGlobal
